
Microsoft Visual Studio Solution File, Format Version 12.00
# Visual Studio Version 16
VisualStudioVersion = 16.0.29326.143
MinimumVisualStudioVersion = 10.0.40219.1
Project("{FAE04EC0-301F-11D3-BF4B-00C04F79EFBC}") = "nebjulablogs.api", "nebjulablogs.api\nebjulablogs.api.csproj", "{37C36C0C-FA2E-4934-9E3A-247D3A9EAB89}"
EndProject
Project("{FAE04EC0-301F-11D3-BF4B-00C04F79EFBC}") = "nebjulablogs.Persistence", "nebjulablogs.Persistence\nebjulablogs.Persistence.csproj", "{D4D32ECC-A4F8-4BD6-BB4F-B64959D398D4}"
EndProject
Project("{FAE04EC0-301F-11D3-BF4B-00C04F79EFBC}") = "nebjulablogs.Services", "nebjulablogs.Services\nebjulablogs.Services.csproj", "{FFB867A0-425C-4D13-B8F2-647F669313EC}"
EndProject
Global
	GlobalSection(SolutionConfigurationPlatforms) = preSolution
		Debug|Any CPU = Debug|Any CPU
		Release|Any CPU = Release|Any CPU
	EndGlobalSection
	GlobalSection(ProjectConfigurationPlatforms) = postSolution
		{37C36C0C-FA2E-4934-9E3A-247D3A9EAB89}.Debug|Any CPU.ActiveCfg = Debug|Any CPU
		{37C36C0C-FA2E-4934-9E3A-247D3A9EAB89}.Debug|Any CPU.Build.0 = Debug|Any CPU
		{37C36C0C-FA2E-4934-9E3A-247D3A9EAB89}.Release|Any CPU.ActiveCfg = Release|Any CPU
		{37C36C0C-FA2E-4934-9E3A-247D3A9EAB89}.Release|Any CPU.Build.0 = Release|Any CPU
		{D4D32ECC-A4F8-4BD6-BB4F-B64959D398D4}.Debug|Any CPU.ActiveCfg = Debug|Any CPU
		{D4D32ECC-A4F8-4BD6-BB4F-B64959D398D4}.Debug|Any CPU.Build.0 = Debug|Any CPU
		{D4D32ECC-A4F8-4BD6-BB4F-B64959D398D4}.Release|Any CPU.ActiveCfg = Release|Any CPU
		{D4D32ECC-A4F8-4BD6-BB4F-B64959D398D4}.Release|Any CPU.Build.0 = Release|Any CPU
		{FFB867A0-425C-4D13-B8F2-647F669313EC}.Debug|Any CPU.ActiveCfg = Debug|Any CPU
		{FFB867A0-425C-4D13-B8F2-647F669313EC}.Debug|Any CPU.Build.0 = Debug|Any CPU
		{FFB867A0-425C-4D13-B8F2-647F669313EC}.Release|Any CPU.ActiveCfg = Release|Any CPU
		{FFB867A0-425C-4D13-B8F2-647F669313EC}.Release|Any CPU.Build.0 = Release|Any CPU
	EndGlobalSection
	GlobalSection(SolutionProperties) = preSolution
		HideSolutionNode = FALSE
	EndGlobalSection
	GlobalSection(ExtensibilityGlobals) = postSolution
		SolutionGuid = {44D231ED-9076-45EF-A5F3-B3C0CB6BB23B}
	EndGlobalSection
EndGlobal
